
Microsoft Visual Studio Solution File, Format Version 12.00
# Visual Studio Version 16
VisualStudioVersion = 16.0.32126.315
MinimumVisualStudioVersion = 10.0.40219.1
Project("{8BC9CEB8-8B4A-11D0-8D11-00A0C91BC942}") = "KG1lab", "KG1lab\KG1lab.vcxproj", "{ED79733E-E0A1-442E-948B-E3515CBEAEB3}"
EndProject
Global
	GlobalSection(SolutionConfigurationPlatforms) = preSolution
		Debug|x64 = Debug|x64
		Debug|x86 = Debug|x86
		Release|x64 = Release|x64
		Release|x86 = Release|x86
	EndGlobalSection
	GlobalSection(ProjectConfigurationPlatforms) = postSolution
		{ED79733E-E0A1-442E-948B-E3515CBEAEB3}.Debug|x64.ActiveCfg = Debug|x64
		{ED79733E-E0A1-442E-948B-E3515CBEAEB3}.Debug|x64.Build.0 = Debug|x64
		{ED79733E-E0A1-442E-948B-E3515CBEAEB3}.Debug|x86.ActiveCfg = Debug|Win32
		{ED79733E-E0A1-442E-948B-E3515CBEAEB3}.Debug|x86.Build.0 = Debug|Win32
		{ED79733E-E0A1-442E-948B-E3515CBEAEB3}.Release|x64.ActiveCfg = Release|x64
		{ED79733E-E0A1-442E-948B-E3515CBEAEB3}.Release|x64.Build.0 = Release|x64
		{ED79733E-E0A1-442E-948B-E3515CBEAEB3}.Release|x86.ActiveCfg = Release|Win32
		{ED79733E-E0A1-442E-948B-E3515CBEAEB3}.Release|x86.Build.0 = Release|Win32
	EndGlobalSection
	GlobalSection(SolutionProperties) = preSolution
		HideSolutionNode = FALSE
	EndGlobalSection
	GlobalSection(ExtensibilityGlobals) = postSolution
		SolutionGuid = {3C978BDD-C7FB-46DE-AB0F-878D70DA2D5F}
	EndGlobalSection
EndGlobal
